
Microsoft Visual Studio Solution File, Format Version 12.00
# Visual Studio Version 16
VisualStudioVersion = 16.0.30128.74
MinimumVisualStudioVersion = 10.0.40219.1
Project("{FAE04EC0-301F-11D3-BF4B-00C04F79EFBC}") = "BulkMailSender", "BulkMailSender\BulkMailSender.csproj", "{A18E3554-ED76-4A98-A052-7DF3C6E5AD5A}"
EndProject
Project("{FAE04EC0-301F-11D3-BF4B-00C04F79EFBC}") = "BulkMailSender.Core", "BulkMailSender.Core\BulkMailSender.Core.csproj", "{3789C3A6-8E65-4E2F-BFA8-EE476CDC6F44}"
EndProject
Global
	GlobalSection(SolutionConfigurationPlatforms) = preSolution
		Debug|Any CPU = Debug|Any CPU
		Release|Any CPU = Release|Any CPU
	EndGlobalSection
	GlobalSection(ProjectConfigurationPlatforms) = postSolution
		{A18E3554-ED76-4A98-A052-7DF3C6E5AD5A}.Debug|Any CPU.ActiveCfg = Debug|Any CPU
		{A18E3554-ED76-4A98-A052-7DF3C6E5AD5A}.Debug|Any CPU.Build.0 = Debug|Any CPU
		{A18E3554-ED76-4A98-A052-7DF3C6E5AD5A}.Release|Any CPU.ActiveCfg = Release|Any CPU
		{A18E3554-ED76-4A98-A052-7DF3C6E5AD5A}.Release|Any CPU.Build.0 = Release|Any CPU
		{3789C3A6-8E65-4E2F-BFA8-EE476CDC6F44}.Debug|Any CPU.ActiveCfg = Debug|Any CPU
		{3789C3A6-8E65-4E2F-BFA8-EE476CDC6F44}.Debug|Any CPU.Build.0 = Debug|Any CPU
		{3789C3A6-8E65-4E2F-BFA8-EE476CDC6F44}.Release|Any CPU.ActiveCfg = Release|Any CPU
		{3789C3A6-8E65-4E2F-BFA8-EE476CDC6F44}.Release|Any CPU.Build.0 = Release|Any CPU
	EndGlobalSection
	GlobalSection(SolutionProperties) = preSolution
		HideSolutionNode = FALSE
	EndGlobalSection
	GlobalSection(ExtensibilityGlobals) = postSolution
		SolutionGuid = {A913C0C6-4864-4A52-AAB7-69517720096B}
	EndGlobalSection
EndGlobal
